
Microsoft Visual Studio Solution File, Format Version 12.00
# Visual Studio Version 17
VisualStudioVersion = 17.4.33213.308
MinimumVisualStudioVersion = 10.0.40219.1
Project("{9A19103F-16F7-4668-BE54-9A1E7A4F7556}") = "SystmProgramm_DZ_1", "SystmProgramm_DZ_1\SystmProgramm_DZ_1.csproj", "{B38B843F-EE37-4EB3-A560-C0BEC1498454}"
EndProject
Project("{FAE04EC0-301F-11D3-BF4B-00C04F79EFBC}") = "SystmProgramm_DZ_1.2", "SystmProgramm_DZ_1.2\SystmProgramm_DZ_1.2.csproj", "{6A69457B-FB3E-4F8E-B87F-1904A1684508}"
EndProject
Project("{FAE04EC0-301F-11D3-BF4B-00C04F79EFBC}") = "SystemProgramm_DZ_1.3", "SystemProgramm_DZ_1.3\SystemProgramm_DZ_1.3.csproj", "{77414FC4-919F-4E20-B529-00D7B6AFF757}"
EndProject
Global
	GlobalSection(SolutionConfigurationPlatforms) = preSolution
		Debug|Any CPU = Debug|Any CPU
		Release|Any CPU = Release|Any CPU
	EndGlobalSection
	GlobalSection(ProjectConfigurationPlatforms) = postSolution
		{B38B843F-EE37-4EB3-A560-C0BEC1498454}.Debug|Any CPU.ActiveCfg = Debug|Any CPU
		{B38B843F-EE37-4EB3-A560-C0BEC1498454}.Debug|Any CPU.Build.0 = Debug|Any CPU
		{B38B843F-EE37-4EB3-A560-C0BEC1498454}.Release|Any CPU.ActiveCfg = Release|Any CPU
		{B38B843F-EE37-4EB3-A560-C0BEC1498454}.Release|Any CPU.Build.0 = Release|Any CPU
		{6A69457B-FB3E-4F8E-B87F-1904A1684508}.Debug|Any CPU.ActiveCfg = Debug|Any CPU
		{6A69457B-FB3E-4F8E-B87F-1904A1684508}.Debug|Any CPU.Build.0 = Debug|Any CPU
		{6A69457B-FB3E-4F8E-B87F-1904A1684508}.Release|Any CPU.ActiveCfg = Release|Any CPU
		{6A69457B-FB3E-4F8E-B87F-1904A1684508}.Release|Any CPU.Build.0 = Release|Any CPU
		{77414FC4-919F-4E20-B529-00D7B6AFF757}.Debug|Any CPU.ActiveCfg = Debug|Any CPU
		{77414FC4-919F-4E20-B529-00D7B6AFF757}.Debug|Any CPU.Build.0 = Debug|Any CPU
		{77414FC4-919F-4E20-B529-00D7B6AFF757}.Release|Any CPU.ActiveCfg = Release|Any CPU
		{77414FC4-919F-4E20-B529-00D7B6AFF757}.Release|Any CPU.Build.0 = Release|Any CPU
	EndGlobalSection
	GlobalSection(SolutionProperties) = preSolution
		HideSolutionNode = FALSE
	EndGlobalSection
	GlobalSection(ExtensibilityGlobals) = postSolution
		SolutionGuid = {20CEE652-695E-4E88-A854-8364B3623FD6}
	EndGlobalSection
EndGlobal
